
Microsoft Visual Studio Solution File, Format Version 12.00
# Visual Studio Version 16
VisualStudioVersion = 16.0.32126.315
MinimumVisualStudioVersion = 10.0.40219.1
Project("{FAE04EC0-301F-11D3-BF4B-00C04F79EFBC}") = "01-ByteBank", "AluraPOO\01-ByteBank.csproj", "{706B7919-ADAF-4D17-9938-B6809B9A3F1B}"
EndProject
Project("{FAE04EC0-301F-11D3-BF4B-00C04F79EFBC}") = "02-ByteBank", "02-ByteBank\02-ByteBank.csproj", "{9EFB3A90-F349-4A0C-8CEB-148106B21980}"
EndProject
Project("{FAE04EC0-301F-11D3-BF4B-00C04F79EFBC}") = "03-ByteBank", "03-ByteBank\03-ByteBank.csproj", "{08EECE5E-60F3-4FBD-9E2D-FA0248D22C7C}"
EndProject
Global
	GlobalSection(SolutionConfigurationPlatforms) = preSolution
		Debug|Any CPU = Debug|Any CPU
		Release|Any CPU = Release|Any CPU
	EndGlobalSection
	GlobalSection(ProjectConfigurationPlatforms) = postSolution
		{706B7919-ADAF-4D17-9938-B6809B9A3F1B}.Debug|Any CPU.ActiveCfg = Debug|Any CPU
		{706B7919-ADAF-4D17-9938-B6809B9A3F1B}.Debug|Any CPU.Build.0 = Debug|Any CPU
		{706B7919-ADAF-4D17-9938-B6809B9A3F1B}.Release|Any CPU.ActiveCfg = Release|Any CPU
		{706B7919-ADAF-4D17-9938-B6809B9A3F1B}.Release|Any CPU.Build.0 = Release|Any CPU
		{9EFB3A90-F349-4A0C-8CEB-148106B21980}.Debug|Any CPU.ActiveCfg = Debug|Any CPU
		{9EFB3A90-F349-4A0C-8CEB-148106B21980}.Debug|Any CPU.Build.0 = Debug|Any CPU
		{9EFB3A90-F349-4A0C-8CEB-148106B21980}.Release|Any CPU.ActiveCfg = Release|Any CPU
		{9EFB3A90-F349-4A0C-8CEB-148106B21980}.Release|Any CPU.Build.0 = Release|Any CPU
		{08EECE5E-60F3-4FBD-9E2D-FA0248D22C7C}.Debug|Any CPU.ActiveCfg = Debug|Any CPU
		{08EECE5E-60F3-4FBD-9E2D-FA0248D22C7C}.Debug|Any CPU.Build.0 = Debug|Any CPU
		{08EECE5E-60F3-4FBD-9E2D-FA0248D22C7C}.Release|Any CPU.ActiveCfg = Release|Any CPU
		{08EECE5E-60F3-4FBD-9E2D-FA0248D22C7C}.Release|Any CPU.Build.0 = Release|Any CPU
	EndGlobalSection
	GlobalSection(SolutionProperties) = preSolution
		HideSolutionNode = FALSE
	EndGlobalSection
	GlobalSection(ExtensibilityGlobals) = postSolution
		SolutionGuid = {039A3BE4-BCCF-4C30-A398-114899F9F390}
	EndGlobalSection
EndGlobal
